PODS:
  - Nimble (5.1.1)
  - Quick (0.10.0)
  - RxCocoa (3.6.1):
    - RxSwift (~> 3.6)
  - RxMKMapView (3.0.0):
    - RxCocoa (~> 3.2)
    - RxSwift (~> 3.2)
  - RxSwift (3.6.1)

DEPENDENCIES:
  - Nimble
  - Quick
  - RxMKMapView (from `../`)

EXTERNAL SOURCES:
  RxMKMapView:
    :path: ../

SPEC CHECKSUMS:
  Nimble: 415e3aa3267e7bc2c96b05fa814ddea7bb686a29
  Quick: 5d290df1c69d5ee2f0729956dcf0fd9a30447eaa
  RxCocoa: 84a08739ab186248c7f31ce4ee92d6f8a947d690
  RxMKMapView: 89c0cc6e89978d12086b995427b291c48be1281c
  RxSwift: f9de85ea20cd2f7716ee5409fc13523dc638e4e4

PODFILE CHECKSUM: 96b7d8ba5c76364990142e4e0fd4b00e6ee656e3

COCOAPODS: 1.2.1
